{
  "nodes": {
    "aerospace-tap": {
      "flake": false,
      "locked": {
        "lastModified": 1753091048,
        "narHash": "sha256-qnZeUEgmwOcCIg1JCSVgQcgju7SYPUCq+4AwepvSc9I=",
        "owner": "nikitabobko",
        "repo": "homebrew-tap",
        "rev": "047928badd7ccd03705646e8095f905994654d65",
        "type": "github"
      },
      "original": {
        "owner": "nikitabobko",
        "repo": "homebrew-tap",
        "type": "github"
      }
    },
    "brew-src": {
      "flake": false,
      "locked": {
        "lastModified": 1751910772,
        "narHash": "sha256-jQNdIkq2iRDNWskd5f8kX6q9BO/CBSXhMH41WNRft8E=",
        "owner": "Homebrew",
        "repo": "brew",
        "rev": "700d67a85e0129ab8a893ff69246943479e33df1",
        "type": "github"
      },
      "original": {
        "owner": "Homebrew",
        "ref": "4.5.9",
        "repo": "brew",
        "type": "github"
      }
    },
    "home-manager": {
      "inputs": {
        "nixpkgs": [
          "nixpkgs"
        ]
      },
      "locked": {
        "lastModified": 1748830238,
        "narHash": "sha256-EB+LzYHK0D5aqxZiYoPeoZoOzSAs8eqBDxm3R+6wMKU=",
        "owner": "nix-community",
        "repo": "home-manager",
        "rev": "c7fdb7e90bff1a51b79c1eed458fb39e6649a82a",
        "type": "github"
      },
      "original": {
        "owner": "nix-community",
        "repo": "home-manager",
        "type": "github"
      }
    },
    "homebrew-bundle": {
      "flake": false,
      "locked": {
        "lastModified": 1745335228,
        "narHash": "sha256-TIKR2UgtyUmHLNZp255/vLs+1I10hXe+sciMEbAGFwE=",
        "owner": "Homebrew",
        "repo": "homebrew-bundle",
        "rev": "a3265c84b232e13048ecbf6fc18a2eedfadbeb08",
        "type": "github"
      },
      "original": {
        "owner": "Homebrew",
        "repo": "homebrew-bundle",
        "type": "github"
      }
    },
    "homebrew-cask": {
      "flake": false,
      "locked": {
        "lastModified": 1753235412,
        "narHash": "sha256-7gEsaRELn2awVnys+SKgebZX1U+SyUcLKSqUWSwGPeI=",
        "owner": "Homebrew",
        "repo": "homebrew-cask",
        "rev": "3ab22aa7ae94a2b83e3b5cd62b956a4081f33b10",
        "type": "github"
      },
      "original": {
        "owner": "Homebrew",
        "repo": "homebrew-cask",
        "type": "github"
      }
    },
    "homebrew-core": {
      "flake": false,
      "locked": {
        "lastModified": 1753240380,
        "narHash": "sha256-7hbBWPLsqV4zMn/f7OLXrUmEuHIydGQfJoTUS4lzRW8=",
        "owner": "Homebrew",
        "repo": "homebrew-core",
        "rev": "fba8b843294ec35cac6cb909a6e2f286e5dcf79f",
        "type": "github"
      },
      "original": {
        "owner": "Homebrew",
        "repo": "homebrew-core",
        "type": "github"
      }
    },
    "nix-darwin": {
      "inputs": {
        "nixpkgs": [
          "nixpkgs"
        ]
      },
      "locked": {
        "lastModified": 1751313918,
        "narHash": "sha256-HsJM3XLa43WpG+665aGEh8iS8AfEwOIQWk3Mke3e7nk=",
        "owner": "nix-darwin",
        "repo": "nix-darwin",
        "rev": "e04a388232d9a6ba56967ce5b53a8a6f713cdfcf",
        "type": "github"
      },
      "original": {
        "owner": "nix-darwin",
        "ref": "master",
        "repo": "nix-darwin",
        "type": "github"
      }
    },
    "nix-homebrew": {
      "inputs": {
        "brew-src": "brew-src"
      },
      "locked": {
        "lastModified": 1752160973,
        "narHash": "sha256-BCC8KB7TEtwv7vZN1WDu870tRbXtzUcmF9xNr6ws5Wc=",
        "owner": "zhaofengli-wip",
        "repo": "nix-homebrew",
        "rev": "69c1aa2f136f3c3326d9b6770e0eb54f12832971",
        "type": "github"
      },
      "original": {
        "owner": "zhaofengli-wip",
        "repo": "nix-homebrew",
        "type": "github"
      }
    },
    "nixpkgs": {
      "locked": {
        "lastModified": 1748792178,
        "narHash": "sha256-BHmgfHlCJVNisJShVaEmfDIr/Ip58i/4oFGlD1iK6lk=",
        "owner": "nixos",
        "repo": "nixpkgs",
        "rev": "5929de975bcf4c7c8d8b5ca65c8cd9ef9e44523e",
        "type": "github"
      },
      "original": {
        "owner": "nixos",
        "ref": "nixpkgs-unstable",
        "repo": "nixpkgs",
        "type": "github"
      }
    },
    "root": {
      "inputs": {
        "aerospace-tap": "aerospace-tap",
        "home-manager": "home-manager",
        "homebrew-bundle": "homebrew-bundle",
        "homebrew-cask": "homebrew-cask",
        "homebrew-core": "homebrew-core",
        "nix-darwin": "nix-darwin",
        "nix-homebrew": "nix-homebrew",
        "nixpkgs": "nixpkgs",
        "sketchybar-tap": "sketchybar-tap"
      }
    },
    "sketchybar-tap": {
      "flake": false,
      "locked": {
        "lastModified": 1738172733,
        "narHash": "sha256-jggo/EU1IGQsB4q8FQ/6NXP3DEPi8hx/Y02cpnbh2FI=",
        "owner": "FelixKratz",
        "repo": "homebrew-formulae",
        "rev": "aa79c1d02c7923c38a63114d41500109245b5d7f",
        "type": "github"
      },
      "original": {
        "owner": "FelixKratz",
        "repo": "homebrew-formulae",
        "type": "github"
      }
    }
  },
  "root": "root",
  "version": 7
}
