{
  "nodes": {
    "brew-src": {
      "flake": false,
      "locked": {
        "lastModified": 1761551821,
        "narHash": "sha256-N3Zj73TAxclhLGgADbPVwcVrhYIBKUgAxjfQuOXre6s=",
        "owner": "Homebrew",
        "repo": "brew",
        "rev": "8f6719274133c5bcc24c058c5a6bcbb3b0cd48b3",
        "type": "github"
      },
      "original": {
        "owner": "Homebrew",
        "ref": "4.6.19",
        "repo": "brew",
        "type": "github"
      }
    },
    "claude-code": {
      "inputs": {
        "flake-utils": "flake-utils",
        "nixpkgs": "nixpkgs"
      },
      "locked": {
        "lastModified": 1763170183,
        "narHash": "sha256-pLK9NkDaURLqFH6jAjB25jLWBk/24SS4FIACqoatj98=",
        "owner": "sadjow",
        "repo": "claude-code-nix",
        "rev": "7952a4856a8606dc051a2f603d7575ecf491c1a8",
        "type": "github"
      },
      "original": {
        "owner": "sadjow",
        "repo": "claude-code-nix",
        "type": "github"
      }
    },
    "flake-parts": {
      "inputs": {
        "nixpkgs-lib": [
          "neovim-nightly-overlay",
          "nixpkgs"
        ]
      },
      "locked": {
        "lastModified": 1762980239,
        "narHash": "sha256-8oNVE8TrD19ulHinjaqONf9QWCKK+w4url56cdStMpM=",
        "owner": "hercules-ci",
        "repo": "flake-parts",
        "rev": "52a2caecc898d0b46b2b905f058ccc5081f842da",
        "type": "github"
      },
      "original": {
        "owner": "hercules-ci",
        "repo": "flake-parts",
        "type": "github"
      }
    },
    "flake-utils": {
      "inputs": {
        "systems": "systems"
      },
      "locked": {
        "lastModified": 1731533236,
        "narHash": "sha256-l0KFg5HjrsfsO/JpG+r7fRrqm12kzFHyUHqHCVpMMbI=",
        "owner": "numtide",
        "repo": "flake-utils",
        "rev": "11707dc2f618dd54ca8739b309ec4fc024de578b",
        "type": "github"
      },
      "original": {
        "owner": "numtide",
        "repo": "flake-utils",
        "type": "github"
      }
    },
    "flake-utils_2": {
      "inputs": {
        "systems": "systems_2"
      },
      "locked": {
        "lastModified": 1731533236,
        "narHash": "sha256-l0KFg5HjrsfsO/JpG+r7fRrqm12kzFHyUHqHCVpMMbI=",
        "owner": "numtide",
        "repo": "flake-utils",
        "rev": "11707dc2f618dd54ca8739b309ec4fc024de578b",
        "type": "github"
      },
      "original": {
        "owner": "numtide",
        "repo": "flake-utils",
        "type": "github"
      }
    },
    "home-manager": {
      "inputs": {
        "nixpkgs": [
          "nixpkgs"
        ]
      },
      "locked": {
        "lastModified": 1763198244,
        "narHash": "sha256-oLugbe2pJv39BjWg7kAljn6vUxjVr/ArkITDX8fFd2Y=",
        "owner": "nix-community",
        "repo": "home-manager",
        "rev": "c3bc79be5ee97455262c6c677bbf065eed07948c",
        "type": "github"
      },
      "original": {
        "owner": "nix-community",
        "repo": "home-manager",
        "type": "github"
      }
    },
    "home-manager_2": {
      "inputs": {
        "nixpkgs": [
          "nix-podman-stacks",
          "nixpkgs"
        ]
      },
      "locked": {
        "lastModified": 1755928099,
        "narHash": "sha256-OILVkfhRCm8u18IZ2DKR8gz8CVZM2ZcJmQBXmjFLIfk=",
        "owner": "nix-community",
        "repo": "home-manager",
        "rev": "4a44fb9f7555da362af9d499817084f4288a957f",
        "type": "github"
      },
      "original": {
        "owner": "nix-community",
        "ref": "release-25.05",
        "repo": "home-manager",
        "type": "github"
      }
    },
    "homebrew-bundle": {
      "flake": false,
      "locked": {
        "lastModified": 1745335228,
        "narHash": "sha256-TIKR2UgtyUmHLNZp255/vLs+1I10hXe+sciMEbAGFwE=",
        "owner": "Homebrew",
        "repo": "homebrew-bundle",
        "rev": "a3265c84b232e13048ecbf6fc18a2eedfadbeb08",
        "type": "github"
      },
      "original": {
        "owner": "Homebrew",
        "repo": "homebrew-bundle",
        "type": "github"
      }
    },
    "homebrew-cask": {
      "flake": false,
      "locked": {
        "lastModified": 1763226868,
        "narHash": "sha256-kSoVvdmV6poxoKAcbeI1pKrU/cKXSOKbtcsFMVzKkXg=",
        "owner": "Homebrew",
        "repo": "homebrew-cask",
        "rev": "73a75739fd2367910ffcedf04e0d14e6a1a58af6",
        "type": "github"
      },
      "original": {
        "owner": "Homebrew",
        "repo": "homebrew-cask",
        "type": "github"
      }
    },
    "homebrew-core": {
      "flake": false,
      "locked": {
        "lastModified": 1763227249,
        "narHash": "sha256-Spy7Iuuv5v14Rz1EReXW+AgeH9snw9Pu6R2LVhMdZ5Q=",
        "owner": "Homebrew",
        "repo": "homebrew-core",
        "rev": "47fbde4238e91214d8b8c4b2d8d3c233297ee8f8",
        "type": "github"
      },
      "original": {
        "owner": "Homebrew",
        "repo": "homebrew-core",
        "type": "github"
      }
    },
    "ixx": {
      "inputs": {
        "flake-utils": [
          "nix-podman-stacks",
          "search",
          "flake-utils"
        ],
        "nixpkgs": [
          "nix-podman-stacks",
          "search",
          "nixpkgs"
        ]
      },
      "locked": {
        "lastModified": 1754860581,
        "narHash": "sha256-EM0IE63OHxXCOpDHXaTyHIOk2cNvMCGPqLt/IdtVxgk=",
        "owner": "NuschtOS",
        "repo": "ixx",
        "rev": "babfe85a876162c4acc9ab6fb4483df88fa1f281",
        "type": "github"
      },
      "original": {
        "owner": "NuschtOS",
        "ref": "v0.1.1",
        "repo": "ixx",
        "type": "github"
      }
    },
    "neovim-nightly-overlay": {
      "inputs": {
        "flake-parts": "flake-parts",
        "neovim-src": "neovim-src",
        "nixpkgs": "nixpkgs_2"
      },
      "locked": {
        "lastModified": 1763078664,
        "narHash": "sha256-HDuT9S50/3+2blDIL4Y5qX8g5bA5FtpzP9lyagmyNq4=",
        "owner": "nix-community",
        "repo": "neovim-nightly-overlay",
        "rev": "994eb1828abe40f256e27ff38663b4f3f819d4cb",
        "type": "github"
      },
      "original": {
        "owner": "nix-community",
        "repo": "neovim-nightly-overlay",
        "type": "github"
      }
    },
    "neovim-src": {
      "flake": false,
      "locked": {
        "lastModified": 1763078375,
        "narHash": "sha256-oGwmSPl+FA0y2uPEGkkavr5sxLkpHR6+Cio8eZ8OtPo=",
        "owner": "neovim",
        "repo": "neovim",
        "rev": "d017f3c9a0b745e0c57feb8c92dcc852948f7301",
        "type": "github"
      },
      "original": {
        "owner": "neovim",
        "repo": "neovim",
        "type": "github"
      }
    },
    "nix-darwin": {
      "inputs": {
        "nixpkgs": [
          "nixpkgs"
        ]
      },
      "locked": {
        "lastModified": 1763136804,
        "narHash": "sha256-6p2ljK42s0S8zS0UU59EsEqupz0GVCaBYRylpUadeBM=",
        "owner": "nix-darwin",
        "repo": "nix-darwin",
        "rev": "973db96394513fd90270ea5a1211a82a4a0ba47f",
        "type": "github"
      },
      "original": {
        "owner": "nix-darwin",
        "ref": "master",
        "repo": "nix-darwin",
        "type": "github"
      }
    },
    "nix-homebrew": {
      "inputs": {
        "brew-src": "brew-src"
      },
      "locked": {
        "lastModified": 1761927470,
        "narHash": "sha256-KsFDGRGD8j1R6TvJ4HkebKsh3HXLY0XazanLrhO3wqE=",
        "owner": "zhaofengli-wip",
        "repo": "nix-homebrew",
        "rev": "3cae36b3a17b09a66435291619dce8cf2c4728ca",
        "type": "github"
      },
      "original": {
        "owner": "zhaofengli-wip",
        "repo": "nix-homebrew",
        "type": "github"
      }
    },
    "nix-podman-stacks": {
      "inputs": {
        "home-manager": "home-manager_2",
        "nixpkgs": [
          "nixpkgs"
        ],
        "search": "search",
        "sops-nix": "sops-nix"
      },
      "locked": {
        "lastModified": 1763216416,
        "narHash": "sha256-OCvRc2+9WZ+l2r1uGbslEoATyDFbsbbLdv7v4ohF7ic=",
        "owner": "Tarow",
        "repo": "nix-podman-stacks",
        "rev": "ed67bf667bf15cbde9b40e48087d3f8a33613543",
        "type": "github"
      },
      "original": {
        "owner": "Tarow",
        "repo": "nix-podman-stacks",
        "type": "github"
      }
    },
    "nix-vscode-extensions": {
      "inputs": {
        "nixpkgs": "nixpkgs_3"
      },
      "locked": {
        "lastModified": 1763171608,
        "narHash": "sha256-W0iHOP2SX8cKgmvLaAKodTa92YN8/6ptcuHd7SU0IZ0=",
        "owner": "nix-community",
        "repo": "nix-vscode-extensions",
        "rev": "0f6a247888aae2de9ab6307471a9d72e7a7043f2",
        "type": "github"
      },
      "original": {
        "owner": "nix-community",
        "repo": "nix-vscode-extensions",
        "type": "github"
      }
    },
    "nixpkgs": {
      "locked": {
        "lastModified": 1762943920,
        "narHash": "sha256-ITeH8GBpQTw9457ICZBddQEBjlXMmilML067q0e6vqY=",
        "owner": "NixOS",
        "repo": "nixpkgs",
        "rev": "91c9a64ce2a84e648d0cf9671274bb9c2fb9ba60",
        "type": "github"
      },
      "original": {
        "owner": "NixOS",
        "ref": "nixpkgs-unstable",
        "repo": "nixpkgs",
        "type": "github"
      }
    },
    "nixpkgs_2": {
      "locked": {
        "lastModified": 1762943920,
        "narHash": "sha256-ITeH8GBpQTw9457ICZBddQEBjlXMmilML067q0e6vqY=",
        "owner": "NixOS",
        "repo": "nixpkgs",
        "rev": "91c9a64ce2a84e648d0cf9671274bb9c2fb9ba60",
        "type": "github"
      },
      "original": {
        "owner": "NixOS",
        "ref": "nixpkgs-unstable",
        "repo": "nixpkgs",
        "type": "github"
      }
    },
    "nixpkgs_3": {
      "locked": {
        "lastModified": 1759770925,
        "narHash": "sha256-CZwkCtzTNclqlhuwDsVtGoRumTpqCUK0xSnFIMgd8ls=",
        "owner": "nixos",
        "repo": "nixpkgs",
        "rev": "674c2b09c59a220204350ced584cadaacee30038",
        "type": "github"
      },
      "original": {
        "owner": "nixos",
        "repo": "nixpkgs",
        "rev": "674c2b09c59a220204350ced584cadaacee30038",
        "type": "github"
      }
    },
    "nixpkgs_4": {
      "locked": {
        "lastModified": 1763191728,
        "narHash": "sha256-esRhOS0APE6k40Hs/jjReXg+rx+J5LkWw7cuWFKlwYA=",
        "owner": "nixos",
        "repo": "nixpkgs",
        "rev": "1d4c88323ac36805d09657d13a5273aea1b34f0c",
        "type": "github"
      },
      "original": {
        "owner": "nixos",
        "ref": "nixpkgs-unstable",
        "repo": "nixpkgs",
        "type": "github"
      }
    },
    "root": {
      "inputs": {
        "claude-code": "claude-code",
        "home-manager": "home-manager",
        "homebrew-bundle": "homebrew-bundle",
        "homebrew-cask": "homebrew-cask",
        "homebrew-core": "homebrew-core",
        "neovim-nightly-overlay": "neovim-nightly-overlay",
        "nix-darwin": "nix-darwin",
        "nix-homebrew": "nix-homebrew",
        "nix-podman-stacks": "nix-podman-stacks",
        "nix-vscode-extensions": "nix-vscode-extensions",
        "nixpkgs": "nixpkgs_4",
        "sops-nix": "sops-nix_2"
      }
    },
    "search": {
      "inputs": {
        "flake-utils": "flake-utils_2",
        "ixx": "ixx",
        "nixpkgs": [
          "nix-podman-stacks",
          "nixpkgs"
        ]
      },
      "locked": {
        "lastModified": 1755555503,
        "narHash": "sha256-WiOO7GUOsJ4/DoMy2IC5InnqRDSo2U11la48vCCIjjY=",
        "owner": "NuschtOS",
        "repo": "search",
        "rev": "6f3efef888b92e6520f10eae15b86ff537e1d2ea",
        "type": "github"
      },
      "original": {
        "owner": "NuschtOS",
        "repo": "search",
        "type": "github"
      }
    },
    "sops-nix": {
      "inputs": {
        "nixpkgs": [
          "nix-podman-stacks",
          "nixpkgs"
        ]
      },
      "locked": {
        "lastModified": 1754988908,
        "narHash": "sha256-t+voe2961vCgrzPFtZxha0/kmFSHFobzF00sT8p9h0U=",
        "owner": "Mic92",
        "repo": "sops-nix",
        "rev": "3223c7a92724b5d804e9988c6b447a0d09017d48",
        "type": "github"
      },
      "original": {
        "owner": "Mic92",
        "repo": "sops-nix",
        "type": "github"
      }
    },
    "sops-nix_2": {
      "inputs": {
        "nixpkgs": [
          "nixpkgs"
        ]
      },
      "locked": {
        "lastModified": 1763069729,
        "narHash": "sha256-A91a+K0Q9wfdPLwL06e/kbHeAWSzPYy2EGdTDsyfb+s=",
        "owner": "Mic92",
        "repo": "sops-nix",
        "rev": "a2bcd1c25c1d29e22756ccae094032ab4ada2268",
        "type": "github"
      },
      "original": {
        "owner": "Mic92",
        "repo": "sops-nix",
        "type": "github"
      }
    },
    "systems": {
      "locked": {
        "lastModified": 1681028828,
        "narHash": "sha256-Vy1rq5AaRuLzOxct8nz4T6wlgyUR7zLU309k9mBC768=",
        "owner": "nix-systems",
        "repo": "default",
        "rev": "da67096a3b9bf56a91d16901293e51ba5b49a27e",
        "type": "github"
      },
      "original": {
        "owner": "nix-systems",
        "repo": "default",
        "type": "github"
      }
    },
    "systems_2": {
      "locked": {
        "lastModified": 1681028828,
        "narHash": "sha256-Vy1rq5AaRuLzOxct8nz4T6wlgyUR7zLU309k9mBC768=",
        "owner": "nix-systems",
        "repo": "default",
        "rev": "da67096a3b9bf56a91d16901293e51ba5b49a27e",
        "type": "github"
      },
      "original": {
        "owner": "nix-systems",
        "repo": "default",
        "type": "github"
      }
    }
  },
  "root": "root",
  "version": 7
}
